
Microsoft Visual Studio Solution File, Format Version 12.00
# Visual Studio Version 17
VisualStudioVersion = 17.11.35327.3
MinimumVisualStudioVersion = 10.0.40219.1
Project("{9A19103F-16F7-4668-BE54-9A1E7A4F7556}") = "Web", "Web.csproj", "{2CE3ED35-CE45-4D94-A277-224CA8B9A400}"
EndProject
Global
	GlobalSection(SolutionConfigurationPlatforms) = preSolution
		Debug|Any CPU = Debug|Any CPU
		Release|Any CPU = Release|Any CPU
	EndGlobalSection
	GlobalSection(ProjectConfigurationPlatforms) = postSolution
		{2CE3ED35-CE45-4D94-A277-224CA8B9A400}.Debug|Any CPU.ActiveCfg = Debug|Any CPU
		{2CE3ED35-CE45-4D94-A277-224CA8B9A400}.Debug|Any CPU.Build.0 = Debug|Any CPU
		{2CE3ED35-CE45-4D94-A277-224CA8B9A400}.Release|Any CPU.ActiveCfg = Release|Any CPU
		{2CE3ED35-CE45-4D94-A277-224CA8B9A400}.Release|Any CPU.Build.0 = Release|Any CPU
	EndGlobalSection
	GlobalSection(SolutionProperties) = preSolution
		HideSolutionNode = FALSE
	EndGlobalSection
	GlobalSection(ExtensibilityGlobals) = postSolution
		SolutionGuid = {652F60A8-31B2-4D92-A94D-4295F249A112}
	EndGlobalSection
EndGlobal
